// !$*UTF8*$!
{
	archiveVersion = 1;
	classes = {
	};
	objectVersion = 46;
	objects = {

/* Begin PBXBuildFile section */
		0538EA8F1D141F0100EF56DF /* SwiftifyTests.swift in Sources */ = {isa = PBXBuildFile; fileRef = 0538EA8E1D141F0100EF56DF /* SwiftifyTests.swift */; };
		0580FCE91D0F6BB70088F230 /* AppDelegate.swift in Sources */ = {isa = PBXBuildFile; fileRef = 0580FCE81D0F6BB70088F230 /* AppDelegate.swift */; };
		0580FCEB1D0F6BB70088F230 /* ViewController.swift in Sources */ = {isa = PBXBuildFile; fileRef = 0580FCEA1D0F6BB70088F230 /* ViewController.swift */; };
		0580FCED1D0F6BB70088F230 /* Assets.xcassets in Resources */ = {isa = PBXBuildFile; fileRef = 0580FCEC1D0F6BB70088F230 /* Assets.xcassets */; };
		0580FCF01D0F6BB70088F230 /* Main.storyboard in Resources */ = {isa = PBXBuildFile; fileRef = 0580FCEE1D0F6BB70088F230 /* Main.storyboard */; };
		0580FD1C1D0FEAFF0088F230 /* Cocoa.framework in Frameworks */ = {isa = PBXBuildFile; fileRef = 0580FD061D0F6E220088F230 /* Cocoa.framework */; };
		0580FD211D0FEAFF0088F230 /* SourceEditorExtension.swift in Sources */ = {isa = PBXBuildFile; fileRef = 0580FD201D0FEAFF0088F230 /* SourceEditorExtension.swift */; };
		0580FD231D0FEAFF0088F230 /* SourceEditorCommand.swift in Sources */ = {isa = PBXBuildFile; fileRef = 0580FD221D0FEAFF0088F230 /* SourceEditorCommand.swift */; };
		0580FD271D0FEB000088F230 /* JeneratorXcode.appex in Embed App Extensions */ = {isa = PBXBuildFile; fileRef = 0580FD1B1D0FEAFF0088F230 /* JeneratorXcode.appex */; settings = {ATTRIBUTES = (RemoveHeadersOnCopy, ); }; };
		05B2B8E61D04CD14002A5523 /* CommandLine.swift in Sources */ = {isa = PBXBuildFile; fileRef = 05B2B8DE1D04CD14002A5523 /* CommandLine.swift */; };
		05B2B8E81D04CD14002A5523 /* Option.swift in Sources */ = {isa = PBXBuildFile; fileRef = 05B2B8DF1D04CD14002A5523 /* Option.swift */; };
		05B2B8EA1D04CD14002A5523 /* StringExtensions.swift in Sources */ = {isa = PBXBuildFile; fileRef = 05B2B8E01D04CD14002A5523 /* StringExtensions.swift */; };
		05B2B8F31D04CD6B002A5523 /* JNCommandLine.swift in Sources */ = {isa = PBXBuildFile; fileRef = 05B2B8F21D04CD6B002A5523 /* JNCommandLine.swift */; };
		05B66CF71D11B6650098E8EB /* JNAliasses.swift in Sources */ = {isa = PBXBuildFile; fileRef = 05B66CEB1D11B6650098E8EB /* JNAliasses.swift */; };
		05B66CF81D11B6650098E8EB /* JNAliasses.swift in Sources */ = {isa = PBXBuildFile; fileRef = 05B66CEB1D11B6650098E8EB /* JNAliasses.swift */; };
		05B66CF91D11B6650098E8EB /* JNAliasses.swift in Sources */ = {isa = PBXBuildFile; fileRef = 05B66CEB1D11B6650098E8EB /* JNAliasses.swift */; };
		05B66CFA1D11B6650098E8EB /* JNAliasses.swift in Sources */ = {isa = PBXBuildFile; fileRef = 05B66CEB1D11B6650098E8EB /* JNAliasses.swift */; };
		05B66CFB1D11B6650098E8EB /* JNCoder.swift in Sources */ = {isa = PBXBuildFile; fileRef = 05B66CEC1D11B6650098E8EB /* JNCoder.swift */; };
		05B66CFC1D11B6650098E8EB /* JNCoder.swift in Sources */ = {isa = PBXBuildFile; fileRef = 05B66CEC1D11B6650098E8EB /* JNCoder.swift */; };
		05B66CFD1D11B6650098E8EB /* JNCoder.swift in Sources */ = {isa = PBXBuildFile; fileRef = 05B66CEC1D11B6650098E8EB /* JNCoder.swift */; };
		05B66CFE1D11B6650098E8EB /* JNCoder.swift in Sources */ = {isa = PBXBuildFile; fileRef = 05B66CEC1D11B6650098E8EB /* JNCoder.swift */; };
		05B66CFF1D11B6650098E8EB /* JNCustomType.swift in Sources */ = {isa = PBXBuildFile; fileRef = 05B66CED1D11B6650098E8EB /* JNCustomType.swift */; };
		05B66D001D11B6650098E8EB /* JNCustomType.swift in Sources */ = {isa = PBXBuildFile; fileRef = 05B66CED1D11B6650098E8EB /* JNCustomType.swift */; };
		05B66D011D11B6650098E8EB /* JNCustomType.swift in Sources */ = {isa = PBXBuildFile; fileRef = 05B66CED1D11B6650098E8EB /* JNCustomType.swift */; };
		05B66D021D11B6650098E8EB /* JNCustomType.swift in Sources */ = {isa = PBXBuildFile; fileRef = 05B66CED1D11B6650098E8EB /* JNCustomType.swift */; };
		05B66D031D11B6650098E8EB /* JNDataType.swift in Sources */ = {isa = PBXBuildFile; fileRef = 05B66CEE1D11B6650098E8EB /* JNDataType.swift */; };
		05B66D041D11B6650098E8EB /* JNDataType.swift in Sources */ = {isa = PBXBuildFile; fileRef = 05B66CEE1D11B6650098E8EB /* JNDataType.swift */; };
		05B66D051D11B6650098E8EB /* JNDataType.swift in Sources */ = {isa = PBXBuildFile; fileRef = 05B66CEE1D11B6650098E8EB /* JNDataType.swift */; };
		05B66D061D11B6650098E8EB /* JNDataType.swift in Sources */ = {isa = PBXBuildFile; fileRef = 05B66CEE1D11B6650098E8EB /* JNDataType.swift */; };
		05B66D071D11B6650098E8EB /* JNField.swift in Sources */ = {isa = PBXBuildFile; fileRef = 05B66CEF1D11B6650098E8EB /* JNField.swift */; };
		05B66D081D11B6650098E8EB /* JNField.swift in Sources */ = {isa = PBXBuildFile; fileRef = 05B66CEF1D11B6650098E8EB /* JNField.swift */; };
		05B66D091D11B6650098E8EB /* JNField.swift in Sources */ = {isa = PBXBuildFile; fileRef = 05B66CEF1D11B6650098E8EB /* JNField.swift */; };
		05B66D0A1D11B6650098E8EB /* JNField.swift in Sources */ = {isa = PBXBuildFile; fileRef = 05B66CEF1D11B6650098E8EB /* JNField.swift */; };
		05B66D0B1D11B6650098E8EB /* JNQuery.swift in Sources */ = {isa = PBXBuildFile; fileRef = 05B66CF01D11B6650098E8EB /* JNQuery.swift */; };
		05B66D0C1D11B6650098E8EB /* JNQuery.swift in Sources */ = {isa = PBXBuildFile; fileRef = 05B66CF01D11B6650098E8EB /* JNQuery.swift */; };
		05B66D0D1D11B6650098E8EB /* JNQuery.swift in Sources */ = {isa = PBXBuildFile; fileRef = 05B66CF01D11B6650098E8EB /* JNQuery.swift */; };
		05B66D0E1D11B6650098E8EB /* JNQuery.swift in Sources */ = {isa = PBXBuildFile; fileRef = 05B66CF01D11B6650098E8EB /* JNQuery.swift */; };
		05B66D0F1D11B6650098E8EB /* JNMagic.swift in Sources */ = {isa = PBXBuildFile; fileRef = 05B66CF11D11B6650098E8EB /* JNMagic.swift */; };
		05B66D101D11B6650098E8EB /* JNMagic.swift in Sources */ = {isa = PBXBuildFile; fileRef = 05B66CF11D11B6650098E8EB /* JNMagic.swift */; };
		05B66D111D11B6650098E8EB /* JNMagic.swift in Sources */ = {isa = PBXBuildFile; fileRef = 05B66CF11D11B6650098E8EB /* JNMagic.swift */; };
		05B66D121D11B6650098E8EB /* JNMagic.swift in Sources */ = {isa = PBXBuildFile; fileRef = 05B66CF11D11B6650098E8EB /* JNMagic.swift */; };
		05B66D131D11B6650098E8EB /* JNModel.swift in Sources */ = {isa = PBXBuildFile; fileRef = 05B66CF21D11B6650098E8EB /* JNModel.swift */; };
		05B66D141D11B6650098E8EB /* JNModel.swift in Sources */ = {isa = PBXBuildFile; fileRef = 05B66CF21D11B6650098E8EB /* JNModel.swift */; };
		05B66D151D11B6650098E8EB /* JNModel.swift in Sources */ = {isa = PBXBuildFile; fileRef = 05B66CF21D11B6650098E8EB /* JNModel.swift */; };
		05B66D161D11B6650098E8EB /* JNModel.swift in Sources */ = {isa = PBXBuildFile; fileRef = 05B66CF21D11B6650098E8EB /* JNModel.swift */; };
		05B66D171D11B6650098E8EB /* SourceToBuilder.swift in Sources */ = {isa = PBXBuildFile; fileRef = 05B66CF31D11B6650098E8EB /* SourceToBuilder.swift */; };
		05B66D181D11B6650098E8EB /* SourceToBuilder.swift in Sources */ = {isa = PBXBuildFile; fileRef = 05B66CF31D11B6650098E8EB /* SourceToBuilder.swift */; };
		05B66D191D11B6650098E8EB /* SourceToBuilder.swift in Sources */ = {isa = PBXBuildFile; fileRef = 05B66CF31D11B6650098E8EB /* SourceToBuilder.swift */; };
		05B66D1A1D11B6650098E8EB /* SourceToBuilder.swift in Sources */ = {isa = PBXBuildFile; fileRef = 05B66CF31D11B6650098E8EB /* SourceToBuilder.swift */; };
		05B66D1B1D11B6650098E8EB /* SwiftGenerator.swift in Sources */ = {isa = PBXBuildFile; fileRef = 05B66CF41D11B6650098E8EB /* SwiftGenerator.swift */; };
		05B66D1C1D11B6650098E8EB /* SwiftGenerator.swift in Sources */ = {isa = PBXBuildFile; fileRef = 05B66CF41D11B6650098E8EB /* SwiftGenerator.swift */; };
		05B66D1D1D11B6650098E8EB /* SwiftGenerator.swift in Sources */ = {isa = PBXBuildFile; fileRef = 05B66CF41D11B6650098E8EB /* SwiftGenerator.swift */; };
		05B66D1E1D11B6650098E8EB /* SwiftGenerator.swift in Sources */ = {isa = PBXBuildFile; fileRef = 05B66CF41D11B6650098E8EB /* SwiftGenerator.swift */; };
		05B66D1F1D11B6650098E8EB /* SwiftifyStrings.swift in Sources */ = {isa = PBXBuildFile; fileRef = 05B66CF51D11B6650098E8EB /* SwiftifyStrings.swift */; };
		05B66D201D11B6650098E8EB /* SwiftifyStrings.swift in Sources */ = {isa = PBXBuildFile; fileRef = 05B66CF51D11B6650098E8EB /* SwiftifyStrings.swift */; };
		05B66D211D11B6650098E8EB /* SwiftifyStrings.swift in Sources */ = {isa = PBXBuildFile; fileRef = 05B66CF51D11B6650098E8EB /* SwiftifyStrings.swift */; };
		05B66D221D11B6650098E8EB /* SwiftifyStrings.swift in Sources */ = {isa = PBXBuildFile; fileRef = 05B66CF51D11B6650098E8EB /* SwiftifyStrings.swift */; };
		05B66D231D11B6650098E8EB /* VersionBridge.swift in Sources */ = {isa = PBXBuildFile; fileRef = 05B66CF61D11B6650098E8EB /* VersionBridge.swift */; };
		05B66D241D11B6650098E8EB /* VersionBridge.swift in Sources */ = {isa = PBXBuildFile; fileRef = 05B66CF61D11B6650098E8EB /* VersionBridge.swift */; };
		05B66D251D11B6650098E8EB /* VersionBridge.swift in Sources */ = {isa = PBXBuildFile; fileRef = 05B66CF61D11B6650098E8EB /* VersionBridge.swift */; };
		05B66D261D11B6650098E8EB /* VersionBridge.swift in Sources */ = {isa = PBXBuildFile; fileRef = 05B66CF61D11B6650098E8EB /* VersionBridge.swift */; };
		05B66D271D11B6690098E8EB /* VersionBridge.swift in Sources */ = {isa = PBXBuildFile; fileRef = 05B66CF61D11B6650098E8EB /* VersionBridge.swift */; };
		05B66D351D11B6790098E8EB /* DevelTests.swift in Sources */ = {isa = PBXBuildFile; fileRef = 05B66D291D11B6790098E8EB /* DevelTests.swift */; };
		05B66D361D11B6790098E8EB /* json-test-alpha.json in Resources */ = {isa = PBXBuildFile; fileRef = 05B66D2A1D11B6790098E8EB /* json-test-alpha.json */; };
		05B66D371D11B6790098E8EB /* json-test-beta.json in Resources */ = {isa = PBXBuildFile; fileRef = 05B66D2B1D11B6790098E8EB /* json-test-beta.json */; };
		05B66D381D11B6790098E8EB /* JNAliasTests.swift in Sources */ = {isa = PBXBuildFile; fileRef = 05B66D2C1D11B6790098E8EB /* JNAliasTests.swift */; };
		05B66D391D11B6790098E8EB /* JNCoderTests.swift in Sources */ = {isa = PBXBuildFile; fileRef = 05B66D2D1D11B6790098E8EB /* JNCoderTests.swift */; };
		05B66D3A1D11B6790098E8EB /* JNCustomTypeTests.swift in Sources */ = {isa = PBXBuildFile; fileRef = 05B66D2E1D11B6790098E8EB /* JNCustomTypeTests.swift */; };
		05B66D3B1D11B6790098E8EB /* JNDataTypeTests.swift in Sources */ = {isa = PBXBuildFile; fileRef = 05B66D2F1D11B6790098E8EB /* JNDataTypeTests.swift */; };
		05B66D3C1D11B6790098E8EB /* JNFieldTests.swift in Sources */ = {isa = PBXBuildFile; fileRef = 05B66D301D11B6790098E8EB /* JNFieldTests.swift */; };
		05B66D3D1D11B6790098E8EB /* JNModelTests.swift in Sources */ = {isa = PBXBuildFile; fileRef = 05B66D311D11B6790098E8EB /* JNModelTests.swift */; };
		05B66D3E1D11B6790098E8EB /* JSONQueryTests.swift in Sources */ = {isa = PBXBuildFile; fileRef = 05B66D321D11B6790098E8EB /* JSONQueryTests.swift */; };
		05B66D3F1D11B6790098E8EB /* JNTests.swift in Sources */ = {isa = PBXBuildFile; fileRef = 05B66D331D11B6790098E8EB /* JNTests.swift */; };
		05B66D401D11B6790098E8EB /* MagicTests.swift in Sources */ = {isa = PBXBuildFile; fileRef = 05B66D341D11B6790098E8EB /* MagicTests.swift */; };
		05B66D421D11EAC00098E8EB /* JNGenerator.swift in Sources */ = {isa = PBXBuildFile; fileRef = 05B66D411D11EAC00098E8EB /* JNGenerator.swift */; };
		05B66D431D11EB190098E8EB /* JNGenerator.swift in Sources */ = {isa = PBXBuildFile; fileRef = 05B66D411D11EAC00098E8EB /* JNGenerator.swift */; };
		05B66D441D11EB1A0098E8EB /* JNGenerator.swift in Sources */ = {isa = PBXBuildFile; fileRef = 05B66D411D11EAC00098E8EB /* JNGenerator.swift */; };
		05B66D451D11EB1B0098E8EB /* JNGenerator.swift in Sources */ = {isa = PBXBuildFile; fileRef = 05B66D411D11EAC00098E8EB /* JNGenerator.swift */; };
		05B66D471D11F72F0098E8EB /* JNCustom.swift in Sources */ = {isa = PBXBuildFile; fileRef = 05B66D461D11F72F0098E8EB /* JNCustom.swift */; };
		05B66D481D11F7B30098E8EB /* JNCustom.swift in Sources */ = {isa = PBXBuildFile; fileRef = 05B66D461D11F72F0098E8EB /* JNCustom.swift */; };
		05B66D491D11F7B50098E8EB /* JNCustom.swift in Sources */ = {isa = PBXBuildFile; fileRef = 05B66D461D11F72F0098E8EB /* JNCustom.swift */; };
		05B66D4A1D11F7B60098E8EB /* JNCustom.swift in Sources */ = {isa = PBXBuildFile; fileRef = 05B66D461D11F72F0098E8EB /* JNCustom.swift */; };
		05B66D4C1D11F8440098E8EB /* JNCustomRootType.swift in Sources */ = {isa = PBXBuildFile; fileRef = 05B66D4B1D11F8440098E8EB /* JNCustomRootType.swift */; };
		05B66D4D1D11F8820098E8EB /* JNCustomRootType.swift in Sources */ = {isa = PBXBuildFile; fileRef = 05B66D4B1D11F8440098E8EB /* JNCustomRootType.swift */; };
		05B66D4E1D11F8830098E8EB /* JNCustomRootType.swift in Sources */ = {isa = PBXBuildFile; fileRef = 05B66D4B1D11F8440098E8EB /* JNCustomRootType.swift */; };
		05B66D4F1D11F8840098E8EB /* JNCustomRootType.swift in Sources */ = {isa = PBXBuildFile; fileRef = 05B66D4B1D11F8440098E8EB /* JNCustomRootType.swift */; };
		7A3561971D0091E200A386E5 /* main.swift in Sources */ = {isa = PBXBuildFile; fileRef = 7A3561951D0091E200A386E5 /* main.swift */; };
		7A3D343B1D031814004B281E /* JeneratorSDK.h in Headers */ = {isa = PBXBuildFile; fileRef = 7A3D343A1D031814004B281E /* JeneratorSDK.h */; settings = {ATTRIBUTES = (Public, ); }; };
		7A3D34421D031814004B281E /* JeneratorSDK.framework in Frameworks */ = {isa = PBXBuildFile; fileRef = 7A3D34381D031814004B281E /* JeneratorSDK.framework */; };
/* End PBXBuildFile section */

/* Begin PBXContainerItemProxy section */
		0580FD251D0FEB000088F230 /* PBXContainerItemProxy */ = {
			isa = PBXContainerItemProxy;
			containerPortal = 7ADD6F731CFF409D007F59B8 /* Project object */;
			proxyType = 1;
			remoteGlobalIDString = 0580FD1A1D0FEAFF0088F230;
			remoteInfo = JeneratorXcode;
		};
		7A3D34431D031814004B281E /* PBXContainerItemProxy */ = {
			isa = PBXContainerItemProxy;
			containerPortal = 7ADD6F731CFF409D007F59B8 /* Project object */;
			proxyType = 1;
			remoteGlobalIDString = 7A3D34371D031814004B281E;
			remoteInfo = JeneratorSDK;
		};
/* End PBXContainerItemProxy section */

/* Begin PBXCopyFilesBuildPhase section */
		0580FD121D0F6E220088F230 /* Embed App Extensions */ = {
			isa = PBXCopyFilesBuildPhase;
			buildActionMask = 2147483647;
			dstPath = "";
			dstSubfolderSpec = 13;
			files = (
				0580FD271D0FEB000088F230 /* JeneratorXcode.appex in Embed App Extensions */,
			);
			name = "Embed App Extensions";
			runOnlyForDeploymentPostprocessing = 0;
		};
		7ADD6F791CFF409D007F59B8 /* CopyFiles */ = {
			isa = PBXCopyFilesBuildPhase;
			buildActionMask = 2147483647;
			dstPath = usr/share/man/man1;
			dstSubfolderSpec = 0;
			files = (
			);
			runOnlyForDeploymentPostprocessing = 1;
		};
/* End PBXCopyFilesBuildPhase section */

/* Begin PBXFileReference section */
		0538EA8E1D141F0100EF56DF /* SwiftifyTests.swift */ = {isa = PBXFileReference; fileEncoding = 4; lastKnownFileType = sourcecode.swift; path = SwiftifyTests.swift; sourceTree = "<group>"; };
		0580FCE61D0F6BB70088F230 /* JeneratorApp.app */ = {isa = PBXFileReference; explicitFileType = wrapper.application; includeInIndex = 0; path = JeneratorApp.app; sourceTree = BUILT_PRODUCTS_DIR; };
		0580FCE81D0F6BB70088F230 /* AppDelegate.swift */ = {isa = PBXFileReference; lastKnownFileType = sourcecode.swift; path = AppDelegate.swift; sourceTree = "<group>"; };
		0580FCEA1D0F6BB70088F230 /* ViewController.swift */ = {isa = PBXFileReference; lastKnownFileType = sourcecode.swift; path = ViewController.swift; sourceTree = "<group>"; };
		0580FCEC1D0F6BB70088F230 /* Assets.xcassets */ = {isa = PBXFileReference; lastKnownFileType = folder.assetcatalog; path = Assets.xcassets; sourceTree = "<group>"; };
		0580FCEF1D0F6BB70088F230 /* Base */ = {isa = PBXFileReference; lastKnownFileType = file.storyboard; name = Base; path = Base.lproj/Main.storyboard; sourceTree = "<group>"; };
		0580FCF11D0F6BB70088F230 /* Info.plist */ = {isa = PBXFileReference; lastKnownFileType = text.plist.xml; path = Info.plist; sourceTree = "<group>"; };
		0580FD061D0F6E220088F230 /* Cocoa.framework */ = {isa = PBXFileReference; lastKnownFileType = wrapper.framework; name = Cocoa.framework; path = System/Library/Frameworks/Cocoa.framework; sourceTree = SDKROOT; };
		0580FD1B1D0FEAFF0088F230 /* JeneratorXcode.appex */ = {isa = PBXFileReference; explicitFileType = "wrapper.app-extension"; includeInIndex = 0; path = JeneratorXcode.appex; sourceTree = BUILT_PRODUCTS_DIR; };
		0580FD1F1D0FEAFF0088F230 /* JeneratorXcode.entitlements */ = {isa = PBXFileReference; lastKnownFileType = text.xml; path = JeneratorXcode.entitlements; sourceTree = "<group>"; };
		0580FD201D0FEAFF0088F230 /* SourceEditorExtension.swift */ = {isa = PBXFileReference; lastKnownFileType = sourcecode.swift; path = SourceEditorExtension.swift; sourceTree = "<group>"; };
		0580FD221D0FEAFF0088F230 /* SourceEditorCommand.swift */ = {isa = PBXFileReference; lastKnownFileType = sourcecode.swift; path = SourceEditorCommand.swift; sourceTree = "<group>"; };
		0580FD241D0FEB000088F230 /* Info.plist */ = {isa = PBXFileReference; lastKnownFileType = text.plist.xml; path = Info.plist; sourceTree = "<group>"; };
		05B2B8DE1D04CD14002A5523 /* CommandLine.swift */ = {isa = PBXFileReference; fileEncoding = 4; lastKnownFileType = sourcecode.swift; path = CommandLine.swift; sourceTree = "<group>"; };
		05B2B8DF1D04CD14002A5523 /* Option.swift */ = {isa = PBXFileReference; fileEncoding = 4; lastKnownFileType = sourcecode.swift; path = Option.swift; sourceTree = "<group>"; };
		05B2B8E01D04CD14002A5523 /* StringExtensions.swift */ = {isa = PBXFileReference; fileEncoding = 4; lastKnownFileType = sourcecode.swift; path = StringExtensions.swift; sourceTree = "<group>"; };
		05B2B8E21D04CD14002A5523 /* CommandLineTests.swift */ = {isa = PBXFileReference; fileEncoding = 4; lastKnownFileType = sourcecode.swift; path = CommandLineTests.swift; sourceTree = "<group>"; };
		05B2B8E31D04CD14002A5523 /* StringExtensionTests.swift */ = {isa = PBXFileReference; fileEncoding = 4; lastKnownFileType = sourcecode.swift; path = StringExtensionTests.swift; sourceTree = "<group>"; };
		05B2B8F21D04CD6B002A5523 /* JNCommandLine.swift */ = {isa = PBXFileReference; fileEncoding = 4; lastKnownFileType = sourcecode.swift; path = JNCommandLine.swift; sourceTree = "<group>"; };
		05B66CEB1D11B6650098E8EB /* JNAliasses.swift */ = {isa = PBXFileReference; fileEncoding = 4; lastKnownFileType = sourcecode.swift; path = JNAliasses.swift; sourceTree = "<group>"; };
		05B66CEC1D11B6650098E8EB /* JNCoder.swift */ = {isa = PBXFileReference; fileEncoding = 4; lastKnownFileType = sourcecode.swift; path = JNCoder.swift; sourceTree = "<group>"; };
		05B66CED1D11B6650098E8EB /* JNCustomType.swift */ = {isa = PBXFileReference; fileEncoding = 4; lastKnownFileType = sourcecode.swift; path = JNCustomType.swift; sourceTree = "<group>"; };
		05B66CEE1D11B6650098E8EB /* JNDataType.swift */ = {isa = PBXFileReference; fileEncoding = 4; lastKnownFileType = sourcecode.swift; path = JNDataType.swift; sourceTree = "<group>"; };
		05B66CEF1D11B6650098E8EB /* JNField.swift */ = {isa = PBXFileReference; fileEncoding = 4; lastKnownFileType = sourcecode.swift; path = JNField.swift; sourceTree = "<group>"; };
		05B66CF01D11B6650098E8EB /* JNQuery.swift */ = {isa = PBXFileReference; fileEncoding = 4; lastKnownFileType = sourcecode.swift; path = JNQuery.swift; sourceTree = "<group>"; };
		05B66CF11D11B6650098E8EB /* JNMagic.swift */ = {isa = PBXFileReference; fileEncoding = 4; lastKnownFileType = sourcecode.swift; path = JNMagic.swift; sourceTree = "<group>"; };
		05B66CF21D11B6650098E8EB /* JNModel.swift */ = {isa = PBXFileReference; fileEncoding = 4; lastKnownFileType = sourcecode.swift; path = JNModel.swift; sourceTree = "<group>"; };
		05B66CF31D11B6650098E8EB /* SourceToBuilder.swift */ = {isa = PBXFileReference; fileEncoding = 4; lastKnownFileType = sourcecode.swift; path = SourceToBuilder.swift; sourceTree = "<group>"; };
		05B66CF41D11B6650098E8EB /* SwiftGenerator.swift */ = {isa = PBXFileReference; fileEncoding = 4; lastKnownFileType = sourcecode.swift; path = SwiftGenerator.swift; sourceTree = "<group>"; };
		05B66CF51D11B6650098E8EB /* SwiftifyStrings.swift */ = {isa = PBXFileReference; fileEncoding = 4; lastKnownFileType = sourcecode.swift; path = SwiftifyStrings.swift; sourceTree = "<group>"; };
		05B66CF61D11B6650098E8EB /* VersionBridge.swift */ = {isa = PBXFileReference; fileEncoding = 4; lastKnownFileType = sourcecode.swift; path = VersionBridge.swift; sourceTree = "<group>"; };
		05B66D291D11B6790098E8EB /* DevelTests.swift */ = {isa = PBXFileReference; fileEncoding = 4; lastKnownFileType = sourcecode.swift; path = DevelTests.swift; sourceTree = "<group>"; };
		05B66D2A1D11B6790098E8EB /* json-test-alpha.json */ = {isa = PBXFileReference; fileEncoding = 4; lastKnownFileType = text.json; path = "json-test-alpha.json"; sourceTree = "<group>"; };
		05B66D2B1D11B6790098E8EB /* json-test-beta.json */ = {isa = PBXFileReference; fileEncoding = 4; lastKnownFileType = text.json; path = "json-test-beta.json"; sourceTree = "<group>"; };
		05B66D2C1D11B6790098E8EB /* JNAliasTests.swift */ = {isa = PBXFileReference; fileEncoding = 4; lastKnownFileType = sourcecode.swift; path = JNAliasTests.swift; sourceTree = "<group>"; };
		05B66D2D1D11B6790098E8EB /* JNCoderTests.swift */ = {isa = PBXFileReference; fileEncoding = 4; lastKnownFileType = sourcecode.swift; path = JNCoderTests.swift; sourceTree = "<group>"; };
		05B66D2E1D11B6790098E8EB /* JNCustomTypeTests.swift */ = {isa = PBXFileReference; fileEncoding = 4; lastKnownFileType = sourcecode.swift; path = JNCustomTypeTests.swift; sourceTree = "<group>"; };
		05B66D2F1D11B6790098E8EB /* JNDataTypeTests.swift */ = {isa = PBXFileReference; fileEncoding = 4; lastKnownFileType = sourcecode.swift; path = JNDataTypeTests.swift; sourceTree = "<group>"; };
		05B66D301D11B6790098E8EB /* JNFieldTests.swift */ = {isa = PBXFileReference; fileEncoding = 4; lastKnownFileType = sourcecode.swift; path = JNFieldTests.swift; sourceTree = "<group>"; };
		05B66D311D11B6790098E8EB /* JNModelTests.swift */ = {isa = PBXFileReference; fileEncoding = 4; lastKnownFileType = sourcecode.swift; path = JNModelTests.swift; sourceTree = "<group>"; };
		05B66D321D11B6790098E8EB /* JSONQueryTests.swift */ = {isa = PBXFileReference; fileEncoding = 4; lastKnownFileType = sourcecode.swift; path = JSONQueryTests.swift; sourceTree = "<group>"; };
		05B66D331D11B6790098E8EB /* JNTests.swift */ = {isa = PBXFileReference; fileEncoding = 4; lastKnownFileType = sourcecode.swift; path = JNTests.swift; sourceTree = "<group>"; };
		05B66D341D11B6790098E8EB /* MagicTests.swift */ = {isa = PBXFileReference; fileEncoding = 4; lastKnownFileType = sourcecode.swift; path = MagicTests.swift; sourceTree = "<group>"; };
		05B66D411D11EAC00098E8EB /* JNGenerator.swift */ = {isa = PBXFileReference; fileEncoding = 4; lastKnownFileType = sourcecode.swift; path = JNGenerator.swift; sourceTree = "<group>"; };
		05B66D461D11F72F0098E8EB /* JNCustom.swift */ = {isa = PBXFileReference; fileEncoding = 4; lastKnownFileType = sourcecode.swift; path = JNCustom.swift; sourceTree = "<group>"; };
		05B66D4B1D11F8440098E8EB /* JNCustomRootType.swift */ = {isa = PBXFileReference; fileEncoding = 4; lastKnownFileType = sourcecode.swift; path = JNCustomRootType.swift; sourceTree = "<group>"; };
		7A3561951D0091E200A386E5 /* main.swift */ = {isa = PBXFileReference; fileEncoding = 4; lastKnownFileType = sourcecode.swift; path = main.swift; sourceTree = "<group>"; };
		7A3D34381D031814004B281E /* JeneratorSDK.framework */ = {isa = PBXFileReference; explicitFileType = wrapper.framework; includeInIndex = 0; path = JeneratorSDK.framework; sourceTree = BUILT_PRODUCTS_DIR; };
		7A3D343A1D031814004B281E /* JeneratorSDK.h */ = {isa = PBXFileReference; lastKnownFileType = sourcecode.c.h; path = JeneratorSDK.h; sourceTree = "<group>"; };
		7A3D343C1D031814004B281E /* Info.plist */ = {isa = PBXFileReference; lastKnownFileType = text.plist.xml; path = Info.plist; sourceTree = "<group>"; };
		7A3D34411D031814004B281E /* JeneratorSDKTests.xctest */ = {isa = PBXFileReference; explicitFileType = wrapper.cfbundle; includeInIndex = 0; path = JeneratorSDKTests.xctest; sourceTree = BUILT_PRODUCTS_DIR; };
		7A3D34481D031814004B281E /* Info.plist */ = {isa = PBXFileReference; lastKnownFileType = text.plist.xml; path = Info.plist; sourceTree = "<group>"; };
		7ADD6F7B1CFF409D007F59B8 /* Jenerator */ = {isa = PBXFileReference; explicitFileType = "compiled.mach-o.executable"; includeInIndex = 0; path = Jenerator; sourceTree = BUILT_PRODUCTS_DIR; };
/* End PBXFileReference section */

/* Begin PBXFrameworksBuildPhase section */
		0580FCE31D0F6BB70088F230 /* Frameworks */ = {
			isa = PBXFrameworksBuildPhase;
			buildActionMask = 2147483647;
			files = (
			);
			runOnlyForDeploymentPostprocessing = 0;
		};
		0580FD181D0FEAFF0088F230 /* Frameworks */ = {
			isa = PBXFrameworksBuildPhase;
			buildActionMask = 2147483647;
			files = (
				0580FD1C1D0FEAFF0088F230 /* Cocoa.framework in Frameworks */,
			);
			runOnlyForDeploymentPostprocessing = 0;
		};
		7A3D34341D031814004B281E /* Frameworks */ = {
			isa = PBXFrameworksBuildPhase;
			buildActionMask = 2147483647;
			files = (
			);
			runOnlyForDeploymentPostprocessing = 0;
		};
		7A3D343E1D031814004B281E /* Frameworks */ = {
			isa = PBXFrameworksBuildPhase;
			buildActionMask = 2147483647;
			files = (
				7A3D34421D031814004B281E /* JeneratorSDK.framework in Frameworks */,
			);
			runOnlyForDeploymentPostprocessing = 0;
		};
		7ADD6F781CFF409D007F59B8 /* Frameworks */ = {
			isa = PBXFrameworksBuildPhase;
			buildActionMask = 2147483647;
			files = (
			);
			runOnlyForDeploymentPostprocessing = 0;
		};
/* End PBXFrameworksBuildPhase section */

/* Begin PBXGroup section */
		0580FCE71D0F6BB70088F230 /* JeneratorApp */ = {
			isa = PBXGroup;
			children = (
				0580FCE81D0F6BB70088F230 /* AppDelegate.swift */,
				0580FCEA1D0F6BB70088F230 /* ViewController.swift */,
				0580FCEC1D0F6BB70088F230 /* Assets.xcassets */,
				0580FCEE1D0F6BB70088F230 /* Main.storyboard */,
				0580FCF11D0F6BB70088F230 /* Info.plist */,
			);
			path = JeneratorApp;
			sourceTree = "<group>";
		};
		0580FD051D0F6E220088F230 /* Frameworks */ = {
			isa = PBXGroup;
			children = (
				0580FD061D0F6E220088F230 /* Cocoa.framework */,
			);
			name = Frameworks;
			sourceTree = "<group>";
		};
		0580FD1D1D0FEAFF0088F230 /* JeneratorXcode */ = {
			isa = PBXGroup;
			children = (
				0580FD201D0FEAFF0088F230 /* SourceEditorExtension.swift */,
				0580FD221D0FEAFF0088F230 /* SourceEditorCommand.swift */,
				0580FD241D0FEB000088F230 /* Info.plist */,
				0580FD1E1D0FEAFF0088F230 /* Supporting Files */,
			);
			path = JeneratorXcode;
			sourceTree = "<group>";
		};
		0580FD1E1D0FEAFF0088F230 /* Supporting Files */ = {
			isa = PBXGroup;
			children = (
				0580FD1F1D0FEAFF0088F230 /* JeneratorXcode.entitlements */,
			);
			name = "Supporting Files";
			sourceTree = "<group>";
		};
		05B2B8DA1D04CD14002A5523 /* Dependencies */ = {
			isa = PBXGroup;
			children = (
				05B2B8DB1D04CD14002A5523 /* CommandLine */,
			);
			path = Dependencies;
			sourceTree = "<group>";
		};
		05B2B8DB1D04CD14002A5523 /* CommandLine */ = {
			isa = PBXGroup;
			children = (
				05B2B8DD1D04CD14002A5523 /* Source */,
				05B2B8E11D04CD14002A5523 /* Tests */,
			);
			path = CommandLine;
			sourceTree = "<group>";
		};
		05B2B8DD1D04CD14002A5523 /* Source */ = {
			isa = PBXGroup;
			children = (
				05B2B8DE1D04CD14002A5523 /* CommandLine.swift */,
				05B2B8DF1D04CD14002A5523 /* Option.swift */,
				05B2B8E01D04CD14002A5523 /* StringExtensions.swift */,
			);
			path = Source;
			sourceTree = "<group>";
		};
		05B2B8E11D04CD14002A5523 /* Tests */ = {
			isa = PBXGroup;
			children = (
				05B2B8E21D04CD14002A5523 /* CommandLineTests.swift */,
				05B2B8E31D04CD14002A5523 /* StringExtensionTests.swift */,
			);
			path = Tests;
			sourceTree = "<group>";
		};
		05B66CEA1D11B6650098E8EB /* Sources */ = {
			isa = PBXGroup;
			children = (
				05B66CEC1D11B6650098E8EB /* JNCoder.swift */,
				05B66CEB1D11B6650098E8EB /* JNAliasses.swift */,
				05B66D461D11F72F0098E8EB /* JNCustom.swift */,
				05B66CED1D11B6650098E8EB /* JNCustomType.swift */,
				05B66D4B1D11F8440098E8EB /* JNCustomRootType.swift */,
				05B66CEE1D11B6650098E8EB /* JNDataType.swift */,
				05B66CEF1D11B6650098E8EB /* JNField.swift */,
				05B66CF01D11B6650098E8EB /* JNQuery.swift */,
				05B66CF11D11B6650098E8EB /* JNMagic.swift */,
				05B66CF21D11B6650098E8EB /* JNModel.swift */,
				05B66CF31D11B6650098E8EB /* SourceToBuilder.swift */,
				05B66D411D11EAC00098E8EB /* JNGenerator.swift */,
				05B66CF41D11B6650098E8EB /* SwiftGenerator.swift */,
				05B66CF51D11B6650098E8EB /* SwiftifyStrings.swift */,
				05B66CF61D11B6650098E8EB /* VersionBridge.swift */,
			);
			path = Sources;
			sourceTree = SOURCE_ROOT;
		};
		05B66D281D11B6790098E8EB /* Tests */ = {
			isa = PBXGroup;
			children = (
				05B66D291D11B6790098E8EB /* DevelTests.swift */,
				05B66D2A1D11B6790098E8EB /* json-test-alpha.json */,
				05B66D2B1D11B6790098E8EB /* json-test-beta.json */,
				05B66D2C1D11B6790098E8EB /* JNAliasTests.swift */,
				05B66D2D1D11B6790098E8EB /* JNCoderTests.swift */,
				05B66D2E1D11B6790098E8EB /* JNCustomTypeTests.swift */,
				05B66D2F1D11B6790098E8EB /* JNDataTypeTests.swift */,
				05B66D301D11B6790098E8EB /* JNFieldTests.swift */,
				05B66D311D11B6790098E8EB /* JNModelTests.swift */,
				05B66D321D11B6790098E8EB /* JSONQueryTests.swift */,
				05B66D331D11B6790098E8EB /* JNTests.swift */,
				05B66D341D11B6790098E8EB /* MagicTests.swift */,
				0538EA8E1D141F0100EF56DF /* SwiftifyTests.swift */,
			);
			path = Tests;
			sourceTree = SOURCE_ROOT;
		};
		7A3561921D0091B900A386E5 /* CLI */ = {
			isa = PBXGroup;
			children = (
				7A3561951D0091E200A386E5 /* main.swift */,
				05B2B8F21D04CD6B002A5523 /* JNCommandLine.swift */,
			);
			path = CLI;
			sourceTree = "<group>";
		};
		7A3D34391D031814004B281E /* JeneratorSDK */ = {
			isa = PBXGroup;
			children = (
				7A3D343A1D031814004B281E /* JeneratorSDK.h */,
				7A3D343C1D031814004B281E /* Info.plist */,
			);
			path = JeneratorSDK;
			sourceTree = "<group>";
		};
		7A3D34451D031814004B281E /* JeneratorSDKTests */ = {
			isa = PBXGroup;
			children = (
				7A3D34481D031814004B281E /* Info.plist */,
			);
			path = JeneratorSDKTests;
			sourceTree = "<group>";
		};
		7ADD6F721CFF409D007F59B8 = {
			isa = PBXGroup;
			children = (
				7ADD6F7D1CFF409D007F59B8 /* Jenerator */,
				7A3D34391D031814004B281E /* JeneratorSDK */,
				7A3D34451D031814004B281E /* JeneratorSDKTests */,
				0580FCE71D0F6BB70088F230 /* JeneratorApp */,
				0580FD1D1D0FEAFF0088F230 /* JeneratorXcode */,
				0580FD051D0F6E220088F230 /* Frameworks */,
				7ADD6F7C1CFF409D007F59B8 /* Products */,
			);
			sourceTree = "<group>";
		};
		7ADD6F7C1CFF409D007F59B8 /* Products */ = {
			isa = PBXGroup;
			children = (
				7ADD6F7B1CFF409D007F59B8 /* Jenerator */,
				7A3D34381D031814004B281E /* JeneratorSDK.framework */,
				7A3D34411D031814004B281E /* JeneratorSDKTests.xctest */,
				0580FCE61D0F6BB70088F230 /* JeneratorApp.app */,
				0580FD1B1D0FEAFF0088F230 /* JeneratorXcode.appex */,
			);
			name = Products;
			sourceTree = "<group>";
		};
		7ADD6F7D1CFF409D007F59B8 /* Jenerator */ = {
			isa = PBXGroup;
			children = (
				05B66CEA1D11B6650098E8EB /* Sources */,
				7A3561921D0091B900A386E5 /* CLI */,
				05B2B8DA1D04CD14002A5523 /* Dependencies */,
				05B66D281D11B6790098E8EB /* Tests */,
			);
			path = Jenerator;
			sourceTree = "<group>";
		};
/* End PBXGroup section */

/* Begin PBXHeadersBuildPhase section */
		7A3D34351D031814004B281E /* Headers */ = {
			isa = PBXHeadersBuildPhase;
			buildActionMask = 2147483647;
			files = (
				7A3D343B1D031814004B281E /* JeneratorSDK.h in Headers */,
			);
			runOnlyForDeploymentPostprocessing = 0;
		};
/* End PBXHeadersBuildPhase section */

/* Begin PBXNativeTarget section */
		0580FCE51D0F6BB70088F230 /* JeneratorApp */ = {
			isa = PBXNativeTarget;
			buildConfigurationList = 0580FCF21D0F6BB70088F230 /* Build configuration list for PBXNativeTarget "JeneratorApp" */;
			buildPhases = (
				0580FCE21D0F6BB70088F230 /* Sources */,
				0580FCE31D0F6BB70088F230 /* Frameworks */,
				0580FCE41D0F6BB70088F230 /* Resources */,
				0580FD121D0F6E220088F230 /* Embed App Extensions */,
			);
			buildRules = (
			);
			dependencies = (
				0580FD261D0FEB000088F230 /* PBXTargetDependency */,
			);
			name = JeneratorApp;
			productName = JeneratorApp;
			productReference = 0580FCE61D0F6BB70088F230 /* JeneratorApp.app */;
			productType = "com.apple.product-type.application";
		};
		0580FD1A1D0FEAFF0088F230 /* JeneratorXcode */ = {
			isa = PBXNativeTarget;
			buildConfigurationList = 0580FD281D0FEB000088F230 /* Build configuration list for PBXNativeTarget "JeneratorXcode" */;
			buildPhases = (
				0580FD171D0FEAFF0088F230 /* Sources */,
				0580FD181D0FEAFF0088F230 /* Frameworks */,
				0580FD191D0FEAFF0088F230 /* Resources */,
			);
			buildRules = (
			);
			dependencies = (
			);
			name = JeneratorXcode;
			productName = JeneratorXcode;
			productReference = 0580FD1B1D0FEAFF0088F230 /* JeneratorXcode.appex */;
			productType = "com.apple.product-type.xcode-extension";
		};
		7A3D34371D031814004B281E /* JeneratorSDK */ = {
			isa = PBXNativeTarget;
			buildConfigurationList = 7A3D34491D031814004B281E /* Build configuration list for PBXNativeTarget "JeneratorSDK" */;
			buildPhases = (
				7A3D34331D031814004B281E /* Sources */,
				7A3D34341D031814004B281E /* Frameworks */,
				7A3D34351D031814004B281E /* Headers */,
				7A3D34361D031814004B281E /* Resources */,
				051BE4771D049DCE009B8CEF /* Universal */,
			);
			buildRules = (
			);
			dependencies = (
			);
			name = JeneratorSDK;
			productName = JeneratorSDK;
			productReference = 7A3D34381D031814004B281E /* JeneratorSDK.framework */;
			productType = "com.apple.product-type.framework";
		};
		7A3D34401D031814004B281E /* JeneratorSDKTests */ = {
			isa = PBXNativeTarget;
			buildConfigurationList = 7A3D344C1D031814004B281E /* Build configuration list for PBXNativeTarget "JeneratorSDKTests" */;
			buildPhases = (
				7A3D343D1D031814004B281E /* Sources */,
				7A3D343E1D031814004B281E /* Frameworks */,
				7A3D343F1D031814004B281E /* Resources */,
			);
			buildRules = (
			);
			dependencies = (
				7A3D34441D031814004B281E /* PBXTargetDependency */,
			);
			name = JeneratorSDKTests;
			productName = JeneratorSDKTests;
			productReference = 7A3D34411D031814004B281E /* JeneratorSDKTests.xctest */;
			productType = "com.apple.product-type.bundle.unit-test";
		};
		7ADD6F7A1CFF409D007F59B8 /* Jenerator */ = {
			isa = PBXNativeTarget;
			buildConfigurationList = 7ADD6F821CFF409D007F59B8 /* Build configuration list for PBXNativeTarget "Jenerator" */;
			buildPhases = (
				7ADD6F771CFF409D007F59B8 /* Sources */,
				7ADD6F781CFF409D007F59B8 /* Frameworks */,
				7ADD6F791CFF409D007F59B8 /* CopyFiles */,
			);
			buildRules = (
			);
			dependencies = (
			);
			name = Jenerator;
			productName = Jenerator;
			productReference = 7ADD6F7B1CFF409D007F59B8 /* Jenerator */;
			productType = "com.apple.product-type.tool";
		};
/* End PBXNativeTarget section */

/* Begin PBXProject section */
		7ADD6F731CFF409D007F59B8 /* Project object */ = {
			isa = PBXProject;
			attributes = {
				LastSwiftUpdateCheck = 0800;
				LastUpgradeCheck = 0800;
				ORGANIZATIONNAME = "menke-dev";
				TargetAttributes = {
					0580FCE51D0F6BB70088F230 = {
						CreatedOnToolsVersion = 8.0;
						DevelopmentTeam = UXG58KCAGQ;
						DevelopmentTeamName = "Romain Menke";
						ProvisioningStyle = Automatic;
					};
					0580FD1A1D0FEAFF0088F230 = {
						CreatedOnToolsVersion = 8.0;
						DevelopmentTeam = UXG58KCAGQ;
						DevelopmentTeamName = "Romain Menke";
						ProvisioningStyle = Automatic;
						SystemCapabilities = {
							com.apple.Sandbox = {
								enabled = 0;
							};
						};
					};
					7A3D34371D031814004B281E = {
						CreatedOnToolsVersion = 7.3.1;
						DevelopmentTeam = UXG58KCAGQ;
						LastSwiftMigration = 0800;
					};
					7A3D34401D031814004B281E = {
						CreatedOnToolsVersion = 7.3.1;
						LastSwiftMigration = 0800;
					};
					7ADD6F7A1CFF409D007F59B8 = {
						CreatedOnToolsVersion = 7.3.1;
					};
				};
			};
			buildConfigurationList = 7ADD6F761CFF409D007F59B8 /* Build configuration list for PBXProject "Jenerator" */;
			compatibilityVersion = "Xcode 3.2";
			developmentRegion = English;
			hasScannedForEncodings = 0;
			knownRegions = (
				en,
				Base,
			);
			mainGroup = 7ADD6F721CFF409D007F59B8;
			productRefGroup = 7ADD6F7C1CFF409D007F59B8 /* Products */;
			projectDirPath = "";
			projectRoot = "";
			targets = (
				7ADD6F7A1CFF409D007F59B8 /* Jenerator */,
				7A3D34371D031814004B281E /* JeneratorSDK */,
				7A3D34401D031814004B281E /* JeneratorSDKTests */,
				0580FCE51D0F6BB70088F230 /* JeneratorApp */,
				0580FD1A1D0FEAFF0088F230 /* JeneratorXcode */,
			);
		};
/* End PBXProject section */

/* Begin PBXResourcesBuildPhase section */
		0580FCE41D0F6BB70088F230 /* Resources */ = {
			isa = PBXResourcesBuildPhase;
			buildActionMask = 2147483647;
			files = (
				0580FCED1D0F6BB70088F230 /* Assets.xcassets in Resources */,
				0580FCF01D0F6BB70088F230 /* Main.storyboard in Resources */,
			);
			runOnlyForDeploymentPostprocessing = 0;
		};
		0580FD191D0FEAFF0088F230 /* Resources */ = {
			isa = PBXResourcesBuildPhase;
			buildActionMask = 2147483647;
			files = (
			);
			runOnlyForDeploymentPostprocessing = 0;
		};
		7A3D34361D031814004B281E /* Resources */ = {
			isa = PBXResourcesBuildPhase;
			buildActionMask = 2147483647;
			files = (
			);
			runOnlyForDeploymentPostprocessing = 0;
		};
		7A3D343F1D031814004B281E /* Resources */ = {
			isa = PBXResourcesBuildPhase;
			buildActionMask = 2147483647;
			files = (
				05B66D361D11B6790098E8EB /* json-test-alpha.json in Resources */,
				05B66D371D11B6790098E8EB /* json-test-beta.json in Resources */,
			);
			runOnlyForDeploymentPostprocessing = 0;
		};
/* End PBXResourcesBuildPhase section */

/* Begin PBXShellScriptBuildPhase section */
		051BE4771D049DCE009B8CEF /* Universal */ = {
			isa = PBXShellScriptBuildPhase;
			buildActionMask = 2147483647;
			files = (
			);
			inputPaths = (
			);
			name = Universal;
			outputPaths = (
			);
			runOnlyForDeploymentPostprocessing = 0;
			shellPath = /bin/sh;
			shellScript = "";
		};
/* End PBXShellScriptBuildPhase section */

/* Begin PBXSourcesBuildPhase section */
		0580FCE21D0F6BB70088F230 /* Sources */ = {
			isa = PBXSourcesBuildPhase;
			buildActionMask = 2147483647;
			files = (
				05B66D011D11B6650098E8EB /* JNCustomType.swift in Sources */,
				05B66CF91D11B6650098E8EB /* JNAliasses.swift in Sources */,
				05B66D0D1D11B6650098E8EB /* JNQuery.swift in Sources */,
				05B66D211D11B6650098E8EB /* SwiftifyStrings.swift in Sources */,
				05B66CFD1D11B6650098E8EB /* JNCoder.swift in Sources */,
				05B66D111D11B6650098E8EB /* JNMagic.swift in Sources */,
				05B66D051D11B6650098E8EB /* JNDataType.swift in Sources */,
				05B66D4E1D11F8830098E8EB /* JNCustomRootType.swift in Sources */,
				0580FCEB1D0F6BB70088F230 /* ViewController.swift in Sources */,
				05B66D191D11B6650098E8EB /* SourceToBuilder.swift in Sources */,
				0580FCE91D0F6BB70088F230 /* AppDelegate.swift in Sources */,
				05B66D091D11B6650098E8EB /* JNField.swift in Sources */,
				05B66D251D11B6650098E8EB /* VersionBridge.swift in Sources */,
				05B66D491D11F7B50098E8EB /* JNCustom.swift in Sources */,
				05B66D151D11B6650098E8EB /* JNModel.swift in Sources */,
				05B66D1D1D11B6650098E8EB /* SwiftGenerator.swift in Sources */,
				05B66D441D11EB1A0098E8EB /* JNGenerator.swift in Sources */,
			);
			runOnlyForDeploymentPostprocessing = 0;
		};
		0580FD171D0FEAFF0088F230 /* Sources */ = {
			isa = PBXSourcesBuildPhase;
			buildActionMask = 2147483647;
			files = (
				05B66D021D11B6650098E8EB /* JNCustomType.swift in Sources */,
				05B66CFA1D11B6650098E8EB /* JNAliasses.swift in Sources */,
				05B66D0E1D11B6650098E8EB /* JNQuery.swift in Sources */,
				05B66D221D11B6650098E8EB /* SwiftifyStrings.swift in Sources */,
				05B66CFE1D11B6650098E8EB /* JNCoder.swift in Sources */,
				05B66D121D11B6650098E8EB /* JNMagic.swift in Sources */,
				05B66D061D11B6650098E8EB /* JNDataType.swift in Sources */,
				05B66D4F1D11F8840098E8EB /* JNCustomRootType.swift in Sources */,
				0580FD211D0FEAFF0088F230 /* SourceEditorExtension.swift in Sources */,
				05B66D1A1D11B6650098E8EB /* SourceToBuilder.swift in Sources */,
				0580FD231D0FEAFF0088F230 /* SourceEditorCommand.swift in Sources */,
				05B66D0A1D11B6650098E8EB /* JNField.swift in Sources */,
				05B66D261D11B6650098E8EB /* VersionBridge.swift in Sources */,
				05B66D4A1D11F7B60098E8EB /* JNCustom.swift in Sources */,
				05B66D161D11B6650098E8EB /* JNModel.swift in Sources */,
				05B66D1E1D11B6650098E8EB /* SwiftGenerator.swift in Sources */,
				05B66D451D11EB1B0098E8EB /* JNGenerator.swift in Sources */,
			);
			runOnlyForDeploymentPostprocessing = 0;
		};
		7A3D34331D031814004B281E /* Sources */ = {
			isa = PBXSourcesBuildPhase;
			buildActionMask = 2147483647;
			files = (
				05B66D0C1D11B6650098E8EB /* JNQuery.swift in Sources */,
				05B66D241D11B6650098E8EB /* VersionBridge.swift in Sources */,
				05B66D1C1D11B6650098E8EB /* SwiftGenerator.swift in Sources */,
				05B66D001D11B6650098E8EB /* JNCustomType.swift in Sources */,
				05B66CF81D11B6650098E8EB /* JNAliasses.swift in Sources */,
				05B66D101D11B6650098E8EB /* JNMagic.swift in Sources */,
				05B66D481D11F7B30098E8EB /* JNCustom.swift in Sources */,
				05B66CFC1D11B6650098E8EB /* JNCoder.swift in Sources */,
				05B66D181D11B6650098E8EB /* SourceToBuilder.swift in Sources */,
				05B66D201D11B6650098E8EB /* SwiftifyStrings.swift in Sources */,
				05B66D141D11B6650098E8EB /* JNModel.swift in Sources */,
				05B66D081D11B6650098E8EB /* JNField.swift in Sources */,
				05B66D041D11B6650098E8EB /* JNDataType.swift in Sources */,
				05B66D4D1D11F8820098E8EB /* JNCustomRootType.swift in Sources */,
				05B66D431D11EB190098E8EB /* JNGenerator.swift in Sources */,
			);
			runOnlyForDeploymentPostprocessing = 0;
		};
		7A3D343D1D031814004B281E /* Sources */ = {
			isa = PBXSourcesBuildPhase;
			buildActionMask = 2147483647;
			files = (
				05B66D351D11B6790098E8EB /* DevelTests.swift in Sources */,
				05B66D3A1D11B6790098E8EB /* JNCustomTypeTests.swift in Sources */,
				05B66D391D11B6790098E8EB /* JNCoderTests.swift in Sources */,
				05B66D3D1D11B6790098E8EB /* JNModelTests.swift in Sources */,
				05B66D3E1D11B6790098E8EB /* JSONQueryTests.swift in Sources */,
				05B66D401D11B6790098E8EB /* MagicTests.swift in Sources */,
				0538EA8F1D141F0100EF56DF /* SwiftifyTests.swift in Sources */,
				05B66D3B1D11B6790098E8EB /* JNDataTypeTests.swift in Sources */,
				05B66D3C1D11B6790098E8EB /* JNFieldTests.swift in Sources */,
				05B66D381D11B6790098E8EB /* JNAliasTests.swift in Sources */,
				05B66D271D11B6690098E8EB /* VersionBridge.swift in Sources */,
				05B66D3F1D11B6790098E8EB /* JNTests.swift in Sources */,
			);
			runOnlyForDeploymentPostprocessing = 0;
		};
		7ADD6F771CFF409D007F59B8 /* Sources */ = {
			isa = PBXSourcesBuildPhase;
			buildActionMask = 2147483647;
			files = (
				05B66D1F1D11B6650098E8EB /* SwiftifyStrings.swift in Sources */,
				05B66CF71D11B6650098E8EB /* JNAliasses.swift in Sources */,
				05B2B8E81D04CD14002A5523 /* Option.swift in Sources */,
				05B2B8E61D04CD14002A5523 /* CommandLine.swift in Sources */,
				05B66D471D11F72F0098E8EB /* JNCustom.swift in Sources */,
				05B66D231D11B6650098E8EB /* VersionBridge.swift in Sources */,
				05B66D421D11EAC00098E8EB /* JNGenerator.swift in Sources */,
				7A3561971D0091E200A386E5 /* main.swift in Sources */,
				05B66CFB1D11B6650098E8EB /* JNCoder.swift in Sources */,
				05B2B8F31D04CD6B002A5523 /* JNCommandLine.swift in Sources */,
				05B66D0B1D11B6650098E8EB /* JNQuery.swift in Sources */,
				05B66D0F1D11B6650098E8EB /* JNMagic.swift in Sources */,
				05B66D131D11B6650098E8EB /* JNModel.swift in Sources */,
				05B66D031D11B6650098E8EB /* JNDataType.swift in Sources */,
				05B66CFF1D11B6650098E8EB /* JNCustomType.swift in Sources */,
				05B66D1B1D11B6650098E8EB /* SwiftGenerator.swift in Sources */,
				05B66D171D11B6650098E8EB /* SourceToBuilder.swift in Sources */,
				05B66D071D11B6650098E8EB /* JNField.swift in Sources */,
				05B66D4C1D11F8440098E8EB /* JNCustomRootType.swift in Sources */,
				05B2B8EA1D04CD14002A5523 /* StringExtensions.swift in Sources */,
			);
			runOnlyForDeploymentPostprocessing = 0;
		};
/* End PBXSourcesBuildPhase section */

/* Begin PBXTargetDependency section */
		0580FD261D0FEB000088F230 /* PBXTargetDependency */ = {
			isa = PBXTargetDependency;
			target = 0580FD1A1D0FEAFF0088F230 /* JeneratorXcode */;
			targetProxy = 0580FD251D0FEB000088F230 /* PBXContainerItemProxy */;
		};
		7A3D34441D031814004B281E /* PBXTargetDependency */ = {
			isa = PBXTargetDependency;
			target = 7A3D34371D031814004B281E /* JeneratorSDK */;
			targetProxy = 7A3D34431D031814004B281E /* PBXContainerItemProxy */;
		};
/* End PBXTargetDependency section */

/* Begin PBXVariantGroup section */
		0580FCEE1D0F6BB70088F230 /* Main.storyboard */ = {
			isa = PBXVariantGroup;
			children = (
				0580FCEF1D0F6BB70088F230 /* Base */,
			);
			name = Main.storyboard;
			sourceTree = "<group>";
		};
/* End PBXVariantGroup section */

/* Begin XCBuildConfiguration section */
		0580FCF31D0F6BB70088F230 /* Debug */ = {
			isa = XCBuildConfiguration;
			buildSettings = {
				ALWAYS_EMBED_SWIFT_STANDARD_LIBRARIES = YES;
				ASSETCATALOG_COMPILER_APPICON_NAME = AppIcon;
				CLANG_WARN_DOCUMENTATION_COMMENTS = YES;
				CODE_SIGN_IDENTITY = "Mac Developer";
				COMBINE_HIDPI_IMAGES = YES;
				INFOPLIST_FILE = JeneratorApp/Info.plist;
				LD_RUNPATH_SEARCH_PATHS = "$(inherited) @executable_path/../Frameworks";
				MACOSX_DEPLOYMENT_TARGET = 10.12;
				PRODUCT_BUNDLE_IDENTIFIER = "com.menke-dev.JeneratorApp";
				PRODUCT_NAME = "$(TARGET_NAME)";
				SWIFT_ACTIVE_COMPILATION_CONDITIONS = DEBUG;
				SWIFT_VERSION = 3.0;
			};
			name = Debug;
		};
		0580FCF41D0F6BB70088F230 /* Release */ = {
			isa = XCBuildConfiguration;
			buildSettings = {
				ALWAYS_EMBED_SWIFT_STANDARD_LIBRARIES = YES;
				ASSETCATALOG_COMPILER_APPICON_NAME = AppIcon;
				CLANG_WARN_DOCUMENTATION_COMMENTS = YES;
				CODE_SIGN_IDENTITY = "Mac Developer";
				COMBINE_HIDPI_IMAGES = YES;
				INFOPLIST_FILE = JeneratorApp/Info.plist;
				LD_RUNPATH_SEARCH_PATHS = "$(inherited) @executable_path/../Frameworks";
				MACOSX_DEPLOYMENT_TARGET = 10.12;
				PRODUCT_BUNDLE_IDENTIFIER = "com.menke-dev.JeneratorApp";
				PRODUCT_NAME = "$(TARGET_NAME)";
				SWIFT_OPTIMIZATION_LEVEL = "-Owholemodule";
				SWIFT_VERSION = 3.0;
			};
			name = Release;
		};
		0580FD291D0FEB000088F230 /* Debug */ = {
			isa = XCBuildConfiguration;
			buildSettings = {
				CLANG_WARN_DOCUMENTATION_COMMENTS = YES;
				CODE_SIGN_ENTITLEMENTS = JeneratorXcode/JeneratorXcode.entitlements;
				CODE_SIGN_IDENTITY = "Mac Developer";
				COMBINE_HIDPI_IMAGES = YES;
				INFOPLIST_FILE = JeneratorXcode/Info.plist;
				LD_RUNPATH_SEARCH_PATHS = "$(inherited) @executable_path/../Frameworks @executable_path/../../../../Frameworks";
				MACOSX_DEPLOYMENT_TARGET = 10.12;
				PRODUCT_BUNDLE_IDENTIFIER = "com.menke-dev.JeneratorApp.JeneratorXcode";
				PRODUCT_NAME = "$(TARGET_NAME)";
				SKIP_INSTALL = YES;
				SWIFT_ACTIVE_COMPILATION_CONDITIONS = DEBUG;
				SWIFT_VERSION = 3.0;
			};
			name = Debug;
		};
		0580FD2A1D0FEB000088F230 /* Release */ = {
			isa = XCBuildConfiguration;
			buildSettings = {
				CLANG_WARN_DOCUMENTATION_COMMENTS = YES;
				CODE_SIGN_ENTITLEMENTS = JeneratorXcode/JeneratorXcode.entitlements;
				CODE_SIGN_IDENTITY = "Mac Developer";
				COMBINE_HIDPI_IMAGES = YES;
				INFOPLIST_FILE = JeneratorXcode/Info.plist;
				LD_RUNPATH_SEARCH_PATHS = "$(inherited) @executable_path/../Frameworks @executable_path/../../../../Frameworks";
				MACOSX_DEPLOYMENT_TARGET = 10.12;
				PRODUCT_BUNDLE_IDENTIFIER = "com.menke-dev.JeneratorApp.JeneratorXcode";
				PRODUCT_NAME = "$(TARGET_NAME)";
				SKIP_INSTALL = YES;
				SWIFT_OPTIMIZATION_LEVEL = "-Owholemodule";
				SWIFT_VERSION = 3.0;
			};
			name = Release;
		};
		7A3D344A1D031814004B281E /* Debug */ = {
			isa = XCBuildConfiguration;
			buildSettings = {
				COMBINE_HIDPI_IMAGES = YES;
				CURRENT_PROJECT_VERSION = 1;
				DEFINES_MODULE = YES;
				DYLIB_COMPATIBILITY_VERSION = 1;
				DYLIB_CURRENT_VERSION = 1;
				DYLIB_INSTALL_NAME_BASE = "@rpath";
				FRAMEWORK_VERSION = A;
				INFOPLIST_FILE = JeneratorSDK/Info.plist;
				INSTALL_PATH = "$(LOCAL_LIBRARY_DIR)/Frameworks";
				LD_RUNPATH_SEARCH_PATHS = "$(inherited) @executable_path/../Frameworks @loader_path/Frameworks";
				PRODUCT_BUNDLE_IDENTIFIER = "com.menke-dev.JeneratorSDK";
				PRODUCT_NAME = "$(TARGET_NAME)";
				SKIP_INSTALL = YES;
				SWIFT_VERSION = 3.0;
				VERSIONING_SYSTEM = "apple-generic";
				VERSION_INFO_PREFIX = "";
			};
			name = Debug;
		};
		7A3D344B1D031814004B281E /* Release */ = {
			isa = XCBuildConfiguration;
			buildSettings = {
				COMBINE_HIDPI_IMAGES = YES;
				CURRENT_PROJECT_VERSION = 1;
				DEFINES_MODULE = YES;
				DYLIB_COMPATIBILITY_VERSION = 1;
				DYLIB_CURRENT_VERSION = 1;
				DYLIB_INSTALL_NAME_BASE = "@rpath";
				FRAMEWORK_VERSION = A;
				INFOPLIST_FILE = JeneratorSDK/Info.plist;
				INSTALL_PATH = "$(LOCAL_LIBRARY_DIR)/Frameworks";
				LD_RUNPATH_SEARCH_PATHS = "$(inherited) @executable_path/../Frameworks @loader_path/Frameworks";
				PRODUCT_BUNDLE_IDENTIFIER = "com.menke-dev.JeneratorSDK";
				PRODUCT_NAME = "$(TARGET_NAME)";
				SKIP_INSTALL = YES;
				SWIFT_OPTIMIZATION_LEVEL = "-Owholemodule";
				SWIFT_VERSION = 3.0;
				VERSIONING_SYSTEM = "apple-generic";
				VERSION_INFO_PREFIX = "";
			};
			name = Release;
		};
		7A3D344D1D031814004B281E /* Debug */ = {
			isa = XCBuildConfiguration;
			buildSettings = {
				COMBINE_HIDPI_IMAGES = YES;
				INFOPLIST_FILE = JeneratorSDKTests/Info.plist;
				LD_RUNPATH_SEARCH_PATHS = "$(inherited) @executable_path/../Frameworks @loader_path/../Frameworks";
				PRODUCT_BUNDLE_IDENTIFIER = "com.menke-dev.JeneratorSDKTests";
				PRODUCT_NAME = "$(TARGET_NAME)";
				SWIFT_VERSION = 3.0;
			};
			name = Debug;
		};
		7A3D344E1D031814004B281E /* Release */ = {
			isa = XCBuildConfiguration;
			buildSettings = {
				COMBINE_HIDPI_IMAGES = YES;
				INFOPLIST_FILE = JeneratorSDKTests/Info.plist;
				LD_RUNPATH_SEARCH_PATHS = "$(inherited) @executable_path/../Frameworks @loader_path/../Frameworks";
				PRODUCT_BUNDLE_IDENTIFIER = "com.menke-dev.JeneratorSDKTests";
				PRODUCT_NAME = "$(TARGET_NAME)";
				SWIFT_OPTIMIZATION_LEVEL = "-Owholemodule";
				SWIFT_VERSION = 3.0;
			};
			name = Release;
		};
		7ADD6F801CFF409D007F59B8 /* Debug */ = {
			isa = XCBuildConfiguration;
			buildSettings = {
				ALWAYS_SEARCH_USER_PATHS = NO;
				CLANG_ANALYZER_NONNULL = YES;
				CLANG_CXX_LANGUAGE_STANDARD = "gnu++0x";
				CLANG_CXX_LIBRARY = "libc++";
				CLANG_ENABLE_MODULES = YES;
				CLANG_ENABLE_OBJC_ARC = YES;
				CLANG_WARN_BOOL_CONVERSION = YES;
				CLANG_WARN_CONSTANT_CONVERSION = YES;
				CLANG_WARN_DIRECT_OBJC_ISA_USAGE = YES_ERROR;
				CLANG_WARN_EMPTY_BODY = YES;
				CLANG_WARN_ENUM_CONVERSION = YES;
				CLANG_WARN_INT_CONVERSION = YES;
				CLANG_WARN_OBJC_ROOT_CLASS = YES_ERROR;
				CLANG_WARN_UNREACHABLE_CODE = YES;
				CLANG_WARN__DUPLICATE_METHOD_MATCH = YES;
				CODE_SIGN_IDENTITY = "-";
				COPY_PHASE_STRIP = NO;
				DEBUG_INFORMATION_FORMAT = dwarf;
				ENABLE_STRICT_OBJC_MSGSEND = YES;
				ENABLE_TESTABILITY = YES;
				GCC_C_LANGUAGE_STANDARD = gnu99;
				GCC_DYNAMIC_NO_PIC = NO;
				GCC_NO_COMMON_BLOCKS = YES;
				GCC_OPTIMIZATION_LEVEL = 0;
				GCC_PREPROCESSOR_DEFINITIONS = (
					"DEBUG=1",
					"$(inherited)",
				);
				GCC_WARN_64_TO_32_BIT_CONVERSION = YES;
				GCC_WARN_ABOUT_RETURN_TYPE = YES_ERROR;
				GCC_WARN_UNDECLARED_SELECTOR = YES;
				GCC_WARN_UNINITIALIZED_AUTOS = YES_AGGRESSIVE;
				GCC_WARN_UNUSED_FUNCTION = YES;
				GCC_WARN_UNUSED_VARIABLE = YES;
				MACOSX_DEPLOYMENT_TARGET = 10.11;
				MTL_ENABLE_DEBUG_INFO = YES;
				ONLY_ACTIVE_ARCH = YES;
				SDKROOT = macosx;
				SWIFT_OPTIMIZATION_LEVEL = "-Onone";
			};
			name = Debug;
		};
		7ADD6F811CFF409D007F59B8 /* Release */ = {
			isa = XCBuildConfiguration;
			buildSettings = {
				ALWAYS_SEARCH_USER_PATHS = NO;
				CLANG_ANALYZER_NONNULL = YES;
				CLANG_CXX_LANGUAGE_STANDARD = "gnu++0x";
				CLANG_CXX_LIBRARY = "libc++";
				CLANG_ENABLE_MODULES = YES;
				CLANG_ENABLE_OBJC_ARC = YES;
				CLANG_WARN_BOOL_CONVERSION = YES;
				CLANG_WARN_CONSTANT_CONVERSION = YES;
				CLANG_WARN_DIRECT_OBJC_ISA_USAGE = YES_ERROR;
				CLANG_WARN_EMPTY_BODY = YES;
				CLANG_WARN_ENUM_CONVERSION = YES;
				CLANG_WARN_INT_CONVERSION = YES;
				CLANG_WARN_OBJC_ROOT_CLASS = YES_ERROR;
				CLANG_WARN_UNREACHABLE_CODE = YES;
				CLANG_WARN__DUPLICATE_METHOD_MATCH = YES;
				CODE_SIGN_IDENTITY = "-";
				COPY_PHASE_STRIP = NO;
				DEBUG_INFORMATION_FORMAT = "dwarf-with-dsym";
				ENABLE_NS_ASSERTIONS = NO;
				ENABLE_STRICT_OBJC_MSGSEND = YES;
				ENABLE_TESTABILITY = YES;
				GCC_C_LANGUAGE_STANDARD = gnu99;
				GCC_NO_COMMON_BLOCKS = YES;
				GCC_WARN_64_TO_32_BIT_CONVERSION = YES;
				GCC_WARN_ABOUT_RETURN_TYPE = YES_ERROR;
				GCC_WARN_UNDECLARED_SELECTOR = YES;
				GCC_WARN_UNINITIALIZED_AUTOS = YES_AGGRESSIVE;
				GCC_WARN_UNUSED_FUNCTION = YES;
				GCC_WARN_UNUSED_VARIABLE = YES;
				MACOSX_DEPLOYMENT_TARGET = 10.11;
				MTL_ENABLE_DEBUG_INFO = NO;
				SDKROOT = macosx;
			};
			name = Release;
		};
		7ADD6F831CFF409D007F59B8 /* Debug */ = {
			isa = XCBuildConfiguration;
			buildSettings = {
				CLANG_ENABLE_MODULES = YES;
				FRAMEWORK_SEARCH_PATHS = (
					"$(inherited)",
					"$(PROJECT_DIR)",
				);
				LD_RUNPATH_SEARCH_PATHS = "$(inherited) @executable_path/../Frameworks @loader_path/../Frameworks";
				PRODUCT_NAME = Jenerator;
				STRIP_INSTALLED_PRODUCT = NO;
				SWIFT_OPTIMIZATION_LEVEL = "-Onone";
			};
			name = Debug;
		};
		7ADD6F841CFF409D007F59B8 /* Release */ = {
			isa = XCBuildConfiguration;
			buildSettings = {
				CLANG_ENABLE_MODULES = YES;
				FRAMEWORK_SEARCH_PATHS = (
					"$(inherited)",
					"$(PROJECT_DIR)",
				);
				LD_RUNPATH_SEARCH_PATHS = "$(inherited) @executable_path/../Frameworks @loader_path/../Frameworks";
				PRODUCT_NAME = Jenerator;
				STRIP_INSTALLED_PRODUCT = NO;
				SWIFT_OPTIMIZATION_LEVEL = "-Owholemodule";
			};
			name = Release;
		};
/* End XCBuildConfiguration section */

/* Begin XCConfigurationList section */
		0580FCF21D0F6BB70088F230 /* Build configuration list for PBXNativeTarget "JeneratorApp" */ = {
			isa = XCConfigurationList;
			buildConfigurations = (
				0580FCF31D0F6BB70088F230 /* Debug */,
				0580FCF41D0F6BB70088F230 /* Release */,
			);
			defaultConfigurationIsVisible = 0;
			defaultConfigurationName = Release;
		};
		0580FD281D0FEB000088F230 /* Build configuration list for PBXNativeTarget "JeneratorXcode" */ = {
			isa = XCConfigurationList;
			buildConfigurations = (
				0580FD291D0FEB000088F230 /* Debug */,
				0580FD2A1D0FEB000088F230 /* Release */,
			);
			defaultConfigurationIsVisible = 0;
			defaultConfigurationName = Release;
		};
		7A3D34491D031814004B281E /* Build configuration list for PBXNativeTarget "JeneratorSDK" */ = {
			isa = XCConfigurationList;
			buildConfigurations = (
				7A3D344A1D031814004B281E /* Debug */,
				7A3D344B1D031814004B281E /* Release */,
			);
			defaultConfigurationIsVisible = 0;
			defaultConfigurationName = Release;
		};
		7A3D344C1D031814004B281E /* Build configuration list for PBXNativeTarget "JeneratorSDKTests" */ = {
			isa = XCConfigurationList;
			buildConfigurations = (
				7A3D344D1D031814004B281E /* Debug */,
				7A3D344E1D031814004B281E /* Release */,
			);
			defaultConfigurationIsVisible = 0;
			defaultConfigurationName = Release;
		};
		7ADD6F761CFF409D007F59B8 /* Build configuration list for PBXProject "Jenerator" */ = {
			isa = XCConfigurationList;
			buildConfigurations = (
				7ADD6F801CFF409D007F59B8 /* Debug */,
				7ADD6F811CFF409D007F59B8 /* Release */,
			);
			defaultConfigurationIsVisible = 0;
			defaultConfigurationName = Release;
		};
		7ADD6F821CFF409D007F59B8 /* Build configuration list for PBXNativeTarget "Jenerator" */ = {
			isa = XCConfigurationList;
			buildConfigurations = (
				7ADD6F831CFF409D007F59B8 /* Debug */,
				7ADD6F841CFF409D007F59B8 /* Release */,
			);
			defaultConfigurationIsVisible = 0;
			defaultConfigurationName = Release;
		};
/* End XCConfigurationList section */
	};
	rootObject = 7ADD6F731CFF409D007F59B8 /* Project object */;
}
