// !$*UTF8*$!
{
	archiveVersion = 1;
	classes = {
	};
	objectVersion = 46;
	objects = {

/* Begin PBXBuildFile section */
		7ADD6F7F1CFF409D007F59B8 /* main.swift in Sources */ = {isa = PBXBuildFile; fileRef = 7ADD6F7E1CFF409D007F59B8 /* main.swift */; };
		7ADD6F861CFF40AE007F59B8 /* JSONToModel.swift in Sources */ = {isa = PBXBuildFile; fileRef = 7ADD6F851CFF40AE007F59B8 /* JSONToModel.swift */; };
		7ADD6F881CFF41A6007F59B8 /* info.swift in Sources */ = {isa = PBXBuildFile; fileRef = 7ADD6F871CFF41A6007F59B8 /* info.swift */; };
/* End PBXBuildFile section */

/* Begin PBXCopyFilesBuildPhase section */
		7ADD6F791CFF409D007F59B8 /* CopyFiles */ = {
			isa = PBXCopyFilesBuildPhase;
			buildActionMask = 2147483647;
			dstPath = /usr/share/man/man1/;
			dstSubfolderSpec = 0;
			files = (
			);
			runOnlyForDeploymentPostprocessing = 1;
		};
/* End PBXCopyFilesBuildPhase section */

/* Begin PBXFileReference section */
		7ADD6F7B1CFF409D007F59B8 /* Jenerator */ = {isa = PBXFileReference; explicitFileType = "compiled.mach-o.executable"; includeInIndex = 0; path = Jenerator; sourceTree = BUILT_PRODUCTS_DIR; };
		7ADD6F7E1CFF409D007F59B8 /* main.swift */ = {isa = PBXFileReference; lastKnownFileType = sourcecode.swift; path = main.swift; sourceTree = "<group>"; };
		7ADD6F851CFF40AE007F59B8 /* JSONToModel.swift */ = {isa = PBXFileReference; fileEncoding = 4; lastKnownFileType = sourcecode.swift; path = JSONToModel.swift; sourceTree = "<group>"; };
		7ADD6F871CFF41A6007F59B8 /* info.swift */ = {isa = PBXFileReference; fileEncoding = 4; lastKnownFileType = sourcecode.swift; path = info.swift; sourceTree = "<group>"; };
/* End PBXFileReference section */

/* Begin PBXFrameworksBuildPhase section */
		7ADD6F781CFF409D007F59B8 /* Frameworks */ = {
			isa = PBXFrameworksBuildPhase;
			buildActionMask = 2147483647;
			files = (
			);
			runOnlyForDeploymentPostprocessing = 0;
		};
/* End PBXFrameworksBuildPhase section */

/* Begin PBXGroup section */
		7ADD6F721CFF409D007F59B8 = {
			isa = PBXGroup;
			children = (
				7ADD6F7D1CFF409D007F59B8 /* Jenerator */,
				7ADD6F7C1CFF409D007F59B8 /* Products */,
			);
			sourceTree = "<group>";
		};
		7ADD6F7C1CFF409D007F59B8 /* Products */ = {
			isa = PBXGroup;
			children = (
				7ADD6F7B1CFF409D007F59B8 /* Jenerator */,
			);
			name = Products;
			sourceTree = "<group>";
		};
		7ADD6F7D1CFF409D007F59B8 /* Jenerator */ = {
			isa = PBXGroup;
			children = (
				7ADD6F7E1CFF409D007F59B8 /* main.swift */,
				7ADD6F851CFF40AE007F59B8 /* JSONToModel.swift */,
				7ADD6F871CFF41A6007F59B8 /* info.swift */,
			);
			path = Jenerator;
			sourceTree = "<group>";
		};
/* End PBXGroup section */

/* Begin PBXNativeTarget section */
		7ADD6F7A1CFF409D007F59B8 /* Jenerator */ = {
			isa = PBXNativeTarget;
			buildConfigurationList = 7ADD6F821CFF409D007F59B8 /* Build configuration list for PBXNativeTarget "Jenerator" */;
			buildPhases = (
				7ADD6F771CFF409D007F59B8 /* Sources */,
				7ADD6F781CFF409D007F59B8 /* Frameworks */,
				7ADD6F791CFF409D007F59B8 /* CopyFiles */,
			);
			buildRules = (
			);
			dependencies = (
			);
			name = Jenerator;
			productName = Jenerator;
			productReference = 7ADD6F7B1CFF409D007F59B8 /* Jenerator */;
			productType = "com.apple.product-type.tool";
		};
/* End PBXNativeTarget section */

/* Begin PBXProject section */
		7ADD6F731CFF409D007F59B8 /* Project object */ = {
			isa = PBXProject;
			attributes = {
				LastSwiftUpdateCheck = 0730;
				LastUpgradeCheck = 0730;
				ORGANIZATIONNAME = "menke-dev";
				TargetAttributes = {
					7ADD6F7A1CFF409D007F59B8 = {
						CreatedOnToolsVersion = 7.3.1;
					};
				};
			};
			buildConfigurationList = 7ADD6F761CFF409D007F59B8 /* Build configuration list for PBXProject "Jenerator" */;
			compatibilityVersion = "Xcode 3.2";
			developmentRegion = English;
			hasScannedForEncodings = 0;
			knownRegions = (
				en,
			);
			mainGroup = 7ADD6F721CFF409D007F59B8;
			productRefGroup = 7ADD6F7C1CFF409D007F59B8 /* Products */;
			projectDirPath = "";
			projectRoot = "";
			targets = (
				7ADD6F7A1CFF409D007F59B8 /* Jenerator */,
			);
		};
/* End PBXProject section */

/* Begin PBXSourcesBuildPhase section */
		7ADD6F771CFF409D007F59B8 /* Sources */ = {
			isa = PBXSourcesBuildPhase;
			buildActionMask = 2147483647;
			files = (
				7ADD6F881CFF41A6007F59B8 /* info.swift in Sources */,
				7ADD6F861CFF40AE007F59B8 /* JSONToModel.swift in Sources */,
				7ADD6F7F1CFF409D007F59B8 /* main.swift in Sources */,
			);
			runOnlyForDeploymentPostprocessing = 0;
		};
/* End PBXSourcesBuildPhase section */

/* Begin XCBuildConfiguration section */
		7ADD6F801CFF409D007F59B8 /* Debug */ = {
			isa = XCBuildConfiguration;
			buildSettings = {
				ALWAYS_SEARCH_USER_PATHS = NO;
				CLANG_ANALYZER_NONNULL = YES;
				CLANG_CXX_LANGUAGE_STANDARD = "gnu++0x";
				CLANG_CXX_LIBRARY = "libc++";
				CLANG_ENABLE_MODULES = YES;
				CLANG_ENABLE_OBJC_ARC = YES;
				CLANG_WARN_BOOL_CONVERSION = YES;
				CLANG_WARN_CONSTANT_CONVERSION = YES;
				CLANG_WARN_DIRECT_OBJC_ISA_USAGE = YES_ERROR;
				CLANG_WARN_EMPTY_BODY = YES;
				CLANG_WARN_ENUM_CONVERSION = YES;
				CLANG_WARN_INT_CONVERSION = YES;
				CLANG_WARN_OBJC_ROOT_CLASS = YES_ERROR;
				CLANG_WARN_UNREACHABLE_CODE = YES;
				CLANG_WARN__DUPLICATE_METHOD_MATCH = YES;
				CODE_SIGN_IDENTITY = "-";
				COPY_PHASE_STRIP = NO;
				DEBUG_INFORMATION_FORMAT = dwarf;
				ENABLE_STRICT_OBJC_MSGSEND = YES;
				ENABLE_TESTABILITY = YES;
				GCC_C_LANGUAGE_STANDARD = gnu99;
				GCC_DYNAMIC_NO_PIC = NO;
				GCC_NO_COMMON_BLOCKS = YES;
				GCC_OPTIMIZATION_LEVEL = 0;
				GCC_PREPROCESSOR_DEFINITIONS = (
					"DEBUG=1",
					"$(inherited)",
				);
				GCC_WARN_64_TO_32_BIT_CONVERSION = YES;
				GCC_WARN_ABOUT_RETURN_TYPE = YES_ERROR;
				GCC_WARN_UNDECLARED_SELECTOR = YES;
				GCC_WARN_UNINITIALIZED_AUTOS = YES_AGGRESSIVE;
				GCC_WARN_UNUSED_FUNCTION = YES;
				GCC_WARN_UNUSED_VARIABLE = YES;
				MACOSX_DEPLOYMENT_TARGET = 10.11;
				MTL_ENABLE_DEBUG_INFO = YES;
				ONLY_ACTIVE_ARCH = YES;
				SDKROOT = macosx;
				SWIFT_OPTIMIZATION_LEVEL = "-Onone";
			};
			name = Debug;
		};
		7ADD6F811CFF409D007F59B8 /* Release */ = {
			isa = XCBuildConfiguration;
			buildSettings = {
				ALWAYS_SEARCH_USER_PATHS = NO;
				CLANG_ANALYZER_NONNULL = YES;
				CLANG_CXX_LANGUAGE_STANDARD = "gnu++0x";
				CLANG_CXX_LIBRARY = "libc++";
				CLANG_ENABLE_MODULES = YES;
				CLANG_ENABLE_OBJC_ARC = YES;
				CLANG_WARN_BOOL_CONVERSION = YES;
				CLANG_WARN_CONSTANT_CONVERSION = YES;
				CLANG_WARN_DIRECT_OBJC_ISA_USAGE = YES_ERROR;
				CLANG_WARN_EMPTY_BODY = YES;
				CLANG_WARN_ENUM_CONVERSION = YES;
				CLANG_WARN_INT_CONVERSION = YES;
				CLANG_WARN_OBJC_ROOT_CLASS = YES_ERROR;
				CLANG_WARN_UNREACHABLE_CODE = YES;
				CLANG_WARN__DUPLICATE_METHOD_MATCH = YES;
				CODE_SIGN_IDENTITY = "-";
				COPY_PHASE_STRIP = NO;
				DEBUG_INFORMATION_FORMAT = "dwarf-with-dsym";
				ENABLE_NS_ASSERTIONS = NO;
				ENABLE_STRICT_OBJC_MSGSEND = YES;
				GCC_C_LANGUAGE_STANDARD = gnu99;
				GCC_NO_COMMON_BLOCKS = YES;
				GCC_WARN_64_TO_32_BIT_CONVERSION = YES;
				GCC_WARN_ABOUT_RETURN_TYPE = YES_ERROR;
				GCC_WARN_UNDECLARED_SELECTOR = YES;
				GCC_WARN_UNINITIALIZED_AUTOS = YES_AGGRESSIVE;
				GCC_WARN_UNUSED_FUNCTION = YES;
				GCC_WARN_UNUSED_VARIABLE = YES;
				MACOSX_DEPLOYMENT_TARGET = 10.11;
				MTL_ENABLE_DEBUG_INFO = NO;
				SDKROOT = macosx;
			};
			name = Release;
		};
		7ADD6F831CFF409D007F59B8 /* Debug */ = {
			isa = XCBuildConfiguration;
			buildSettings = {
				PRODUCT_NAME = "$(TARGET_NAME)";
			};
			name = Debug;
		};
		7ADD6F841CFF409D007F59B8 /* Release */ = {
			isa = XCBuildConfiguration;
			buildSettings = {
				PRODUCT_NAME = "$(TARGET_NAME)";
			};
			name = Release;
		};
/* End XCBuildConfiguration section */

/* Begin XCConfigurationList section */
		7ADD6F761CFF409D007F59B8 /* Build configuration list for PBXProject "Jenerator" */ = {
			isa = XCConfigurationList;
			buildConfigurations = (
				7ADD6F801CFF409D007F59B8 /* Debug */,
				7ADD6F811CFF409D007F59B8 /* Release */,
			);
			defaultConfigurationIsVisible = 0;
			defaultConfigurationName = Release;
		};
		7ADD6F821CFF409D007F59B8 /* Build configuration list for PBXNativeTarget "Jenerator" */ = {
			isa = XCConfigurationList;
			buildConfigurations = (
				7ADD6F831CFF409D007F59B8 /* Debug */,
				7ADD6F841CFF409D007F59B8 /* Release */,
			);
			defaultConfigurationIsVisible = 0;
		};
/* End XCConfigurationList section */
	};
	rootObject = 7ADD6F731CFF409D007F59B8 /* Project object */;
}
